PODS:
  - SubscriptionMonitor (1.0.4)

DEPENDENCIES:
  - SubscriptionMonitor (from `../`)

EXTERNAL SOURCES:
  SubscriptionMonitor:
    :path: ../

SPEC CHECKSUMS:
  SubscriptionMonitor: 838feb1634451bc811708da898f22e0b32050a3a

PODFILE CHECKSUM: 25d5967f3bc36bd60b86b7a001a1bd212d5e3bd3

COCOAPODS: 1.1.1
